// !$*UTF8*$!
{
	archiveVersion = 1;
	classes = {
	};
	objectVersion = 56;
	objects = {

/* Begin PBXBuildFile section */
		210399172C633E6D00F52E95 /* CityDetailLoader.swift in Sources */ = {isa = PBXBuildFile; fileRef = 210399162C633E6D00F52E95 /* CityDetailLoader.swift */; };
		210399192C633EE900F52E95 /* CityDetailItem.swift in Sources */ = {isa = PBXBuildFile; fileRef = 210399182C633EE900F52E95 /* CityDetailItem.swift */; };
		2103991B2C63459F00F52E95 /* CityDetailViewModel.swift in Sources */ = {isa = PBXBuildFile; fileRef = 2103991A2C63459F00F52E95 /* CityDetailViewModel.swift */; };
		2103991E2C634DAD00F52E95 /* RemoteCityDetailItem.swift in Sources */ = {isa = PBXBuildFile; fileRef = 2103991D2C634DAD00F52E95 /* RemoteCityDetailItem.swift */; };
		210399202C63525400F52E95 /* CityDetailItemsMapper.swift in Sources */ = {isa = PBXBuildFile; fileRef = 2103991F2C63525400F52E95 /* CityDetailItemsMapper.swift */; };
		210399222C6353D000F52E95 /* RemoteCityDetailLoader.swift in Sources */ = {isa = PBXBuildFile; fileRef = 210399212C6353D000F52E95 /* RemoteCityDetailLoader.swift */; };
		2103993E2C63804000F52E95 /* CityWeatherURLConfig.swift in Sources */ = {isa = PBXBuildFile; fileRef = 2103993D2C63804000F52E95 /* CityWeatherURLConfig.swift */; };
		210399402C63A4D500F52E95 /* TemperatureUnits.swift in Sources */ = {isa = PBXBuildFile; fileRef = 2103993F2C63A4D500F52E95 /* TemperatureUnits.swift */; };
		213556B42C60DEC000008A0B /* CityWeatherCore.framework in Frameworks */ = {isa = PBXBuildFile; fileRef = 21D68D5E2C5E0A2400ED8E8A /* CityWeatherCore.framework */; platformFilter = ios; };
		213556B52C60DEC000008A0B /* CityWeatherCore.framework in Embed Frameworks */ = {isa = PBXBuildFile; fileRef = 21D68D5E2C5E0A2400ED8E8A /* CityWeatherCore.framework */; platformFilter = ios; settings = {ATTRIBUTES = (CodeSignOnCopy, RemoveHeadersOnCopy, ); }; };
		213556BA2C61046300008A0B /* SearchCityTableViewCell.swift in Sources */ = {isa = PBXBuildFile; fileRef = 213556B92C61046300008A0B /* SearchCityTableViewCell.swift */; };
		213556BE2C61530E00008A0B /* DetailWeatherCityScreen.swift in Sources */ = {isa = PBXBuildFile; fileRef = 213556BD2C61530E00008A0B /* DetailWeatherCityScreen.swift */; };
		213556C02C6160CC00008A0B /* Extension+String.swift in Sources */ = {isa = PBXBuildFile; fileRef = 213556BF2C6160CC00008A0B /* Extension+String.swift */; };
		2157CA042C63D78A00E1A66B /* WeatherImageURLBuilder.swift in Sources */ = {isa = PBXBuildFile; fileRef = 2157CA032C63D78A00E1A66B /* WeatherImageURLBuilder.swift */; };
		2157CA062C649B8300E1A66B /* LoadCityDetailUseCaseTests.swift in Sources */ = {isa = PBXBuildFile; fileRef = 2157CA052C649B8300E1A66B /* LoadCityDetailUseCaseTests.swift */; };
		2157CA082C649BF400E1A66B /* HTTPClientSpy.swift in Sources */ = {isa = PBXBuildFile; fileRef = 2157CA072C649BF400E1A66B /* HTTPClientSpy.swift */; };
		2165DA942C5E187100BA6B48 /* CitySearchItem.swift in Sources */ = {isa = PBXBuildFile; fileRef = 2165DA932C5E187100BA6B48 /* CitySearchItem.swift */; };
		2165DA962C5E196B00BA6B48 /* CitySearchLoader.swift in Sources */ = {isa = PBXBuildFile; fileRef = 2165DA952C5E196B00BA6B48 /* CitySearchLoader.swift */; };
		2165DA992C5E1A8F00BA6B48 /* HTTPClient.swift in Sources */ = {isa = PBXBuildFile; fileRef = 2165DA982C5E1A8F00BA6B48 /* HTTPClient.swift */; };
		2165DA9B2C5E1B8400BA6B48 /* RemoteCitySearchItem.swift in Sources */ = {isa = PBXBuildFile; fileRef = 2165DA9A2C5E1B8400BA6B48 /* RemoteCitySearchItem.swift */; };
		2165DA9D2C5E1C6F00BA6B48 /* RemoteCitySearchLoader.swift in Sources */ = {isa = PBXBuildFile; fileRef = 2165DA9C2C5E1C6F00BA6B48 /* RemoteCitySearchLoader.swift */; };
		2165DA9F2C5E214300BA6B48 /* CitySearchItemsMapper.swift in Sources */ = {isa = PBXBuildFile; fileRef = 2165DA9E2C5E214300BA6B48 /* CitySearchItemsMapper.swift */; };
		2165DAA22C5E237300BA6B48 /* URLSessionClient.swift in Sources */ = {isa = PBXBuildFile; fileRef = 2165DAA12C5E237300BA6B48 /* URLSessionClient.swift */; };
		2165DAAB2C5E329500BA6B48 /* CityWeatherCore.framework in Frameworks */ = {isa = PBXBuildFile; fileRef = 21D68D5E2C5E0A2400ED8E8A /* CityWeatherCore.framework */; };
		2165DAB22C5E34E900BA6B48 /* LoadCitySearchUseCaseTests.swift in Sources */ = {isa = PBXBuildFile; fileRef = 2165DAB12C5E34E900BA6B48 /* LoadCitySearchUseCaseTests.swift */; };
		2183E9CE2C5E38F7000AEB81 /* XCTestCase+MemoryLeakTracking.swift in Sources */ = {isa = PBXBuildFile; fileRef = 2183E9CD2C5E38F7000AEB81 /* XCTestCase+MemoryLeakTracking.swift */; };
		2183E9D02C5E3B82000AEB81 /* SharedTestHelpers.swift in Sources */ = {isa = PBXBuildFile; fileRef = 2183E9CF2C5E3B82000AEB81 /* SharedTestHelpers.swift */; };
		2183E9D22C5E635A000AEB81 /* URLSessionHTTPClientTests.swift in Sources */ = {isa = PBXBuildFile; fileRef = 2183E9D12C5E635A000AEB81 /* URLSessionHTTPClientTests.swift */; };
		2183E9D42C5F7CB5000AEB81 /* HTTPClientError.swift in Sources */ = {isa = PBXBuildFile; fileRef = 2183E9D32C5F7CB5000AEB81 /* HTTPClientError.swift */; };
		2183E9D72C5F9B75000AEB81 /* RequestBuilder.swift in Sources */ = {isa = PBXBuildFile; fileRef = 2183E9D62C5F9B75000AEB81 /* RequestBuilder.swift */; };
		21B08E812C60C446000A1055 /* CityWeatheriOS.h in Headers */ = {isa = PBXBuildFile; fileRef = 21B08E802C60C446000A1055 /* CityWeatheriOS.h */; settings = {ATTRIBUTES = (Public, ); }; };
		21B08E8C2C60C5A4000A1055 /* Coordinator.swift in Sources */ = {isa = PBXBuildFile; fileRef = 21B08E8B2C60C5A4000A1055 /* Coordinator.swift */; };
		21B08E8E2C60C648000A1055 /* MainCoordinator.swift in Sources */ = {isa = PBXBuildFile; fileRef = 21B08E8D2C60C648000A1055 /* MainCoordinator.swift */; };
		21B08E902C60D4B2000A1055 /* SearchCityViewController.swift in Sources */ = {isa = PBXBuildFile; fileRef = 21B08E8F2C60D4B2000A1055 /* SearchCityViewController.swift */; };
		21B08E952C60DAC6000A1055 /* SearchCityViewModel.swift in Sources */ = {isa = PBXBuildFile; fileRef = 21B08E942C60DAC6000A1055 /* SearchCityViewModel.swift */; };
		21D68D622C5E0A2400ED8E8A /* CityWeatherCore.h in Headers */ = {isa = PBXBuildFile; fileRef = 21D68D612C5E0A2400ED8E8A /* CityWeatherCore.h */; settings = {ATTRIBUTES = (Public, ); }; };
/* End PBXBuildFile section */

/* Begin PBXContainerItemProxy section */
		213556B62C60DEC000008A0B /* PBXContainerItemProxy */ = {
			isa = PBXContainerItemProxy;
			containerPortal = 21D68D552C5E0A2400ED8E8A /* Project object */;
			proxyType = 1;
			remoteGlobalIDString = 21D68D5D2C5E0A2400ED8E8A;
			remoteInfo = CityWeatherCore;
		};
		2165DAAC2C5E329500BA6B48 /* PBXContainerItemProxy */ = {
			isa = PBXContainerItemProxy;
			containerPortal = 21D68D552C5E0A2400ED8E8A /* Project object */;
			proxyType = 1;
			remoteGlobalIDString = 21D68D5D2C5E0A2400ED8E8A;
			remoteInfo = CityWeatherCore;
		};
/* End PBXContainerItemProxy section */

/* Begin PBXCopyFilesBuildPhase section */
		213556B82C60DEC000008A0B /* Embed Frameworks */ = {
			isa = PBXCopyFilesBuildPhase;
			buildActionMask = 2147483647;
			dstPath = "";
			dstSubfolderSpec = 10;
			files = (
				213556B52C60DEC000008A0B /* CityWeatherCore.framework in Embed Frameworks */,
			);
			name = "Embed Frameworks";
			runOnlyForDeploymentPostprocessing = 0;
		};
/* End PBXCopyFilesBuildPhase section */

/* Begin PBXFileReference section */
		210399162C633E6D00F52E95 /* CityDetailLoader.swift */ = {isa = PBXFileReference; lastKnownFileType = sourcecode.swift; path = CityDetailLoader.swift; sourceTree = "<group>"; };
		210399182C633EE900F52E95 /* CityDetailItem.swift */ = {isa = PBXFileReference; lastKnownFileType = sourcecode.swift; path = CityDetailItem.swift; sourceTree = "<group>"; };
		2103991A2C63459F00F52E95 /* CityDetailViewModel.swift */ = {isa = PBXFileReference; lastKnownFileType = sourcecode.swift; path = CityDetailViewModel.swift; sourceTree = "<group>"; };
		2103991D2C634DAD00F52E95 /* RemoteCityDetailItem.swift */ = {isa = PBXFileReference; lastKnownFileType = sourcecode.swift; path = RemoteCityDetailItem.swift; sourceTree = "<group>"; };
		2103991F2C63525400F52E95 /* CityDetailItemsMapper.swift */ = {isa = PBXFileReference; lastKnownFileType = sourcecode.swift; path = CityDetailItemsMapper.swift; sourceTree = "<group>"; };
		210399212C6353D000F52E95 /* RemoteCityDetailLoader.swift */ = {isa = PBXFileReference; lastKnownFileType = sourcecode.swift; path = RemoteCityDetailLoader.swift; sourceTree = "<group>"; };
		2103993D2C63804000F52E95 /* CityWeatherURLConfig.swift */ = {isa = PBXFileReference; lastKnownFileType = sourcecode.swift; path = CityWeatherURLConfig.swift; sourceTree = "<group>"; };
		2103993F2C63A4D500F52E95 /* TemperatureUnits.swift */ = {isa = PBXFileReference; lastKnownFileType = sourcecode.swift; path = TemperatureUnits.swift; sourceTree = "<group>"; };
		213556B92C61046300008A0B /* SearchCityTableViewCell.swift */ = {isa = PBXFileReference; lastKnownFileType = sourcecode.swift; path = SearchCityTableViewCell.swift; sourceTree = "<group>"; };
		213556BD2C61530E00008A0B /* DetailWeatherCityScreen.swift */ = {isa = PBXFileReference; lastKnownFileType = sourcecode.swift; path = DetailWeatherCityScreen.swift; sourceTree = "<group>"; };
		213556BF2C6160CC00008A0B /* Extension+String.swift */ = {isa = PBXFileReference; lastKnownFileType = sourcecode.swift; path = "Extension+String.swift"; sourceTree = "<group>"; };
		2157CA032C63D78A00E1A66B /* WeatherImageURLBuilder.swift */ = {isa = PBXFileReference; lastKnownFileType = sourcecode.swift; path = WeatherImageURLBuilder.swift; sourceTree = "<group>"; };
		2157CA052C649B8300E1A66B /* LoadCityDetailUseCaseTests.swift */ = {isa = PBXFileReference; lastKnownFileType = sourcecode.swift; path = LoadCityDetailUseCaseTests.swift; sourceTree = "<group>"; };
		2157CA072C649BF400E1A66B /* HTTPClientSpy.swift */ = {isa = PBXFileReference; lastKnownFileType = sourcecode.swift; path = HTTPClientSpy.swift; sourceTree = "<group>"; };
		2165DA932C5E187100BA6B48 /* CitySearchItem.swift */ = {isa = PBXFileReference; lastKnownFileType = sourcecode.swift; path = CitySearchItem.swift; sourceTree = "<group>"; };
		2165DA952C5E196B00BA6B48 /* CitySearchLoader.swift */ = {isa = PBXFileReference; lastKnownFileType = sourcecode.swift; path = CitySearchLoader.swift; sourceTree = "<group>"; };
		2165DA982C5E1A8F00BA6B48 /* HTTPClient.swift */ = {isa = PBXFileReference; lastKnownFileType = sourcecode.swift; path = HTTPClient.swift; sourceTree = "<group>"; };
		2165DA9A2C5E1B8400BA6B48 /* RemoteCitySearchItem.swift */ = {isa = PBXFileReference; lastKnownFileType = sourcecode.swift; path = RemoteCitySearchItem.swift; sourceTree = "<group>"; };
		2165DA9C2C5E1C6F00BA6B48 /* RemoteCitySearchLoader.swift */ = {isa = PBXFileReference; lastKnownFileType = sourcecode.swift; path = RemoteCitySearchLoader.swift; sourceTree = "<group>"; };
		2165DA9E2C5E214300BA6B48 /* CitySearchItemsMapper.swift */ = {isa = PBXFileReference; lastKnownFileType = sourcecode.swift; path = CitySearchItemsMapper.swift; sourceTree = "<group>"; };
		2165DAA12C5E237300BA6B48 /* URLSessionClient.swift */ = {isa = PBXFileReference; lastKnownFileType = sourcecode.swift; path = URLSessionClient.swift; sourceTree = "<group>"; };
		2165DAA72C5E329500BA6B48 /* CityWeatherCoreTests.xctest */ = {isa = PBXFileReference; explicitFileType = wrapper.cfbundle; includeInIndex = 0; path = CityWeatherCoreTests.xctest; sourceTree = BUILT_PRODUCTS_DIR; };
		2165DAB12C5E34E900BA6B48 /* LoadCitySearchUseCaseTests.swift */ = {isa = PBXFileReference; lastKnownFileType = sourcecode.swift; path = LoadCitySearchUseCaseTests.swift; sourceTree = "<group>"; };
		2165DAB32C5E357700BA6B48 /* CityWeatherCore.xctestplan */ = {isa = PBXFileReference; lastKnownFileType = text; path = CityWeatherCore.xctestplan; sourceTree = "<group>"; };
		2183E9CD2C5E38F7000AEB81 /* XCTestCase+MemoryLeakTracking.swift */ = {isa = PBXFileReference; lastKnownFileType = sourcecode.swift; path = "XCTestCase+MemoryLeakTracking.swift"; sourceTree = "<group>"; };
		2183E9CF2C5E3B82000AEB81 /* SharedTestHelpers.swift */ = {isa = PBXFileReference; lastKnownFileType = sourcecode.swift; path = SharedTestHelpers.swift; sourceTree = "<group>"; };
		2183E9D12C5E635A000AEB81 /* URLSessionHTTPClientTests.swift */ = {isa = PBXFileReference; lastKnownFileType = sourcecode.swift; path = URLSessionHTTPClientTests.swift; sourceTree = "<group>"; };
		2183E9D32C5F7CB5000AEB81 /* HTTPClientError.swift */ = {isa = PBXFileReference; lastKnownFileType = sourcecode.swift; path = HTTPClientError.swift; sourceTree = "<group>"; };
		2183E9D62C5F9B75000AEB81 /* RequestBuilder.swift */ = {isa = PBXFileReference; lastKnownFileType = sourcecode.swift; path = RequestBuilder.swift; sourceTree = "<group>"; };
		21B08E7E2C60C446000A1055 /* CityWeatheriOS.framework */ = {isa = PBXFileReference; explicitFileType = wrapper.framework; includeInIndex = 0; path = CityWeatheriOS.framework; sourceTree = BUILT_PRODUCTS_DIR; };
		21B08E802C60C446000A1055 /* CityWeatheriOS.h */ = {isa = PBXFileReference; lastKnownFileType = sourcecode.c.h; path = CityWeatheriOS.h; sourceTree = "<group>"; };
		21B08E8B2C60C5A4000A1055 /* Coordinator.swift */ = {isa = PBXFileReference; lastKnownFileType = sourcecode.swift; path = Coordinator.swift; sourceTree = "<group>"; };
		21B08E8D2C60C648000A1055 /* MainCoordinator.swift */ = {isa = PBXFileReference; lastKnownFileType = sourcecode.swift; path = MainCoordinator.swift; sourceTree = "<group>"; };
		21B08E8F2C60D4B2000A1055 /* SearchCityViewController.swift */ = {isa = PBXFileReference; lastKnownFileType = sourcecode.swift; path = SearchCityViewController.swift; sourceTree = "<group>"; };
		21B08E942C60DAC6000A1055 /* SearchCityViewModel.swift */ = {isa = PBXFileReference; lastKnownFileType = sourcecode.swift; path = SearchCityViewModel.swift; sourceTree = "<group>"; };
		21D68D5E2C5E0A2400ED8E8A /* CityWeatherCore.framework */ = {isa = PBXFileReference; explicitFileType = wrapper.framework; includeInIndex = 0; path = CityWeatherCore.framework; sourceTree = BUILT_PRODUCTS_DIR; };
		21D68D612C5E0A2400ED8E8A /* CityWeatherCore.h */ = {isa = PBXFileReference; lastKnownFileType = sourcecode.c.h; path = CityWeatherCore.h; sourceTree = "<group>"; };
/* End PBXFileReference section */

/* Begin PBXFrameworksBuildPhase section */
		2165DAA42C5E329500BA6B48 /* Frameworks */ = {
			isa = PBXFrameworksBuildPhase;
			buildActionMask = 2147483647;
			files = (
				2165DAAB2C5E329500BA6B48 /* CityWeatherCore.framework in Frameworks */,
			);
			runOnlyForDeploymentPostprocessing = 0;
		};
		21B08E7B2C60C446000A1055 /* Frameworks */ = {
			isa = PBXFrameworksBuildPhase;
			buildActionMask = 2147483647;
			files = (
				213556B42C60DEC000008A0B /* CityWeatherCore.framework in Frameworks */,
			);
			runOnlyForDeploymentPostprocessing = 0;
		};
		21D68D5B2C5E0A2400ED8E8A /* Frameworks */ = {
			isa = PBXFrameworksBuildPhase;
			buildActionMask = 2147483647;
			files = (
			);
			runOnlyForDeploymentPostprocessing = 0;
		};
/* End PBXFrameworksBuildPhase section */

/* Begin PBXGroup section */
		210399152C633E4700F52E95 /* CityDetail */ = {
			isa = PBXGroup;
			children = (
				210399162C633E6D00F52E95 /* CityDetailLoader.swift */,
				210399182C633EE900F52E95 /* CityDetailItem.swift */,
			);
			path = CityDetail;
			sourceTree = "<group>";
		};
		2103991C2C634D3300F52E95 /* CityDetailAPI */ = {
			isa = PBXGroup;
			children = (
				210399212C6353D000F52E95 /* RemoteCityDetailLoader.swift */,
				2103991F2C63525400F52E95 /* CityDetailItemsMapper.swift */,
				2103991D2C634DAD00F52E95 /* RemoteCityDetailItem.swift */,
			);
			path = CityDetailAPI;
			sourceTree = "<group>";
		};
		213556B32C60DEC000008A0B /* Frameworks */ = {
			isa = PBXGroup;
			children = (
			);
			name = Frameworks;
			sourceTree = "<group>";
		};
		2165DA922C5E183C00BA6B48 /* CitySearch */ = {
			isa = PBXGroup;
			children = (
				2165DA932C5E187100BA6B48 /* CitySearchItem.swift */,
				2165DA952C5E196B00BA6B48 /* CitySearchLoader.swift */,
			);
			path = CitySearch;
			sourceTree = "<group>";
		};
		2165DA972C5E1A6E00BA6B48 /* CitySearchAPI */ = {
			isa = PBXGroup;
			children = (
				2165DA9C2C5E1C6F00BA6B48 /* RemoteCitySearchLoader.swift */,
				2165DA9E2C5E214300BA6B48 /* CitySearchItemsMapper.swift */,
				2165DA9A2C5E1B8400BA6B48 /* RemoteCitySearchItem.swift */,
			);
			path = CitySearchAPI;
			sourceTree = "<group>";
		};
		2165DAA02C5E232700BA6B48 /* CityAPIClient */ = {
			isa = PBXGroup;
			children = (
				2183E9D52C5F9B5D000AEB81 /* Helpers */,
				2165DA982C5E1A8F00BA6B48 /* HTTPClient.swift */,
				2165DAA12C5E237300BA6B48 /* URLSessionClient.swift */,
			);
			path = CityAPIClient;
			sourceTree = "<group>";
		};
		2165DAA82C5E329500BA6B48 /* CityWeatherCoreTests */ = {
			isa = PBXGroup;
			children = (
				2183E9CC2C5E38CA000AEB81 /* Helpers */,
				2165DAB12C5E34E900BA6B48 /* LoadCitySearchUseCaseTests.swift */,
				2157CA052C649B8300E1A66B /* LoadCityDetailUseCaseTests.swift */,
				2183E9D12C5E635A000AEB81 /* URLSessionHTTPClientTests.swift */,
			);
			path = CityWeatherCoreTests;
			sourceTree = "<group>";
		};
		2183E9CC2C5E38CA000AEB81 /* Helpers */ = {
			isa = PBXGroup;
			children = (
				2183E9CD2C5E38F7000AEB81 /* XCTestCase+MemoryLeakTracking.swift */,
				2183E9CF2C5E3B82000AEB81 /* SharedTestHelpers.swift */,
				2157CA072C649BF400E1A66B /* HTTPClientSpy.swift */,
			);
			path = Helpers;
			sourceTree = "<group>";
		};
		2183E9D52C5F9B5D000AEB81 /* Helpers */ = {
			isa = PBXGroup;
			children = (
				2183E9D62C5F9B75000AEB81 /* RequestBuilder.swift */,
				2183E9D32C5F7CB5000AEB81 /* HTTPClientError.swift */,
				213556BF2C6160CC00008A0B /* Extension+String.swift */,
				2103993D2C63804000F52E95 /* CityWeatherURLConfig.swift */,
				2103993F2C63A4D500F52E95 /* TemperatureUnits.swift */,
				2157CA032C63D78A00E1A66B /* WeatherImageURLBuilder.swift */,
			);
			path = Helpers;
			sourceTree = "<group>";
		};
		21B08E7F2C60C446000A1055 /* CityWeatheriOS */ = {
			isa = PBXGroup;
			children = (
				21B08E852C60C468000A1055 /* Navigation */,
				21B08E872C60C478000A1055 /* Screens */,
				21B08E8A2C60C500000A1055 /* ViewModels */,
				21B08E802C60C446000A1055 /* CityWeatheriOS.h */,
			);
			path = CityWeatheriOS;
			sourceTree = "<group>";
		};
		21B08E852C60C468000A1055 /* Navigation */ = {
			isa = PBXGroup;
			children = (
				21B08E8B2C60C5A4000A1055 /* Coordinator.swift */,
				21B08E8D2C60C648000A1055 /* MainCoordinator.swift */,
			);
			path = Navigation;
			sourceTree = "<group>";
		};
		21B08E872C60C478000A1055 /* Screens */ = {
			isa = PBXGroup;
			children = (
				21B08E882C60C48C000A1055 /* SearchCityScreen */,
				21B08E892C60C4DC000A1055 /* DetailWeatherCityScreen */,
			);
			path = Screens;
			sourceTree = "<group>";
		};
		21B08E882C60C48C000A1055 /* SearchCityScreen */ = {
			isa = PBXGroup;
			children = (
				21B08E8F2C60D4B2000A1055 /* SearchCityViewController.swift */,
				213556B92C61046300008A0B /* SearchCityTableViewCell.swift */,
			);
			path = SearchCityScreen;
			sourceTree = "<group>";
		};
		21B08E892C60C4DC000A1055 /* DetailWeatherCityScreen */ = {
			isa = PBXGroup;
			children = (
				213556BD2C61530E00008A0B /* DetailWeatherCityScreen.swift */,
			);
			path = DetailWeatherCityScreen;
			sourceTree = "<group>";
		};
		21B08E8A2C60C500000A1055 /* ViewModels */ = {
			isa = PBXGroup;
			children = (
				21B08E942C60DAC6000A1055 /* SearchCityViewModel.swift */,
				2103991A2C63459F00F52E95 /* CityDetailViewModel.swift */,
			);
			path = ViewModels;
			sourceTree = "<group>";
		};
		21D68D542C5E0A2400ED8E8A = {
			isa = PBXGroup;
			children = (
				2165DAB32C5E357700BA6B48 /* CityWeatherCore.xctestplan */,
				21D68D602C5E0A2400ED8E8A /* CityWeatherCore */,
				2165DAA82C5E329500BA6B48 /* CityWeatherCoreTests */,
				21B08E7F2C60C446000A1055 /* CityWeatheriOS */,
				21D68D5F2C5E0A2400ED8E8A /* Products */,
				213556B32C60DEC000008A0B /* Frameworks */,
			);
			sourceTree = "<group>";
		};
		21D68D5F2C5E0A2400ED8E8A /* Products */ = {
			isa = PBXGroup;
			children = (
				21D68D5E2C5E0A2400ED8E8A /* CityWeatherCore.framework */,
				2165DAA72C5E329500BA6B48 /* CityWeatherCoreTests.xctest */,
				21B08E7E2C60C446000A1055 /* CityWeatheriOS.framework */,
			);
			name = Products;
			sourceTree = "<group>";
		};
		21D68D602C5E0A2400ED8E8A /* CityWeatherCore */ = {
			isa = PBXGroup;
			children = (
				2165DAA02C5E232700BA6B48 /* CityAPIClient */,
				2165DA972C5E1A6E00BA6B48 /* CitySearchAPI */,
				2165DA922C5E183C00BA6B48 /* CitySearch */,
				2103991C2C634D3300F52E95 /* CityDetailAPI */,
				210399152C633E4700F52E95 /* CityDetail */,
				21D68D612C5E0A2400ED8E8A /* CityWeatherCore.h */,
			);
			path = CityWeatherCore;
			sourceTree = "<group>";
		};
/* End PBXGroup section */

/* Begin PBXHeadersBuildPhase section */
		21B08E792C60C446000A1055 /* Headers */ = {
			isa = PBXHeadersBuildPhase;
			buildActionMask = 2147483647;
			files = (
				21B08E812C60C446000A1055 /* CityWeatheriOS.h in Headers */,
			);
			runOnlyForDeploymentPostprocessing = 0;
		};
		21D68D592C5E0A2400ED8E8A /* Headers */ = {
			isa = PBXHeadersBuildPhase;
			buildActionMask = 2147483647;
			files = (
				21D68D622C5E0A2400ED8E8A /* CityWeatherCore.h in Headers */,
			);
			runOnlyForDeploymentPostprocessing = 0;
		};
/* End PBXHeadersBuildPhase section */

/* Begin PBXNativeTarget section */
		2165DAA62C5E329500BA6B48 /* CityWeatherCoreTests */ = {
			isa = PBXNativeTarget;
			buildConfigurationList = 2165DAAE2C5E329500BA6B48 /* Build configuration list for PBXNativeTarget "CityWeatherCoreTests" */;
			buildPhases = (
				2165DAA32C5E329500BA6B48 /* Sources */,
				2165DAA42C5E329500BA6B48 /* Frameworks */,
				2165DAA52C5E329500BA6B48 /* Resources */,
			);
			buildRules = (
			);
			dependencies = (
				2165DAAD2C5E329500BA6B48 /* PBXTargetDependency */,
			);
			name = CityWeatherCoreTests;
			productName = CityWeatherCoreTests;
			productReference = 2165DAA72C5E329500BA6B48 /* CityWeatherCoreTests.xctest */;
			productType = "com.apple.product-type.bundle.unit-test";
		};
		21B08E7D2C60C446000A1055 /* CityWeatheriOS */ = {
			isa = PBXNativeTarget;
			buildConfigurationList = 21B08E842C60C446000A1055 /* Build configuration list for PBXNativeTarget "CityWeatheriOS" */;
			buildPhases = (
				21B08E792C60C446000A1055 /* Headers */,
				21B08E7A2C60C446000A1055 /* Sources */,
				21B08E7B2C60C446000A1055 /* Frameworks */,
				21B08E7C2C60C446000A1055 /* Resources */,
				213556B82C60DEC000008A0B /* Embed Frameworks */,
			);
			buildRules = (
			);
			dependencies = (
				213556B72C60DEC000008A0B /* PBXTargetDependency */,
			);
			name = CityWeatheriOS;
			productName = CityWeatheriOS;
			productReference = 21B08E7E2C60C446000A1055 /* CityWeatheriOS.framework */;
			productType = "com.apple.product-type.framework";
		};
		21D68D5D2C5E0A2400ED8E8A /* CityWeatherCore */ = {
			isa = PBXNativeTarget;
			buildConfigurationList = 21D68D652C5E0A2400ED8E8A /* Build configuration list for PBXNativeTarget "CityWeatherCore" */;
			buildPhases = (
				21D68D592C5E0A2400ED8E8A /* Headers */,
				21D68D5A2C5E0A2400ED8E8A /* Sources */,
				21D68D5B2C5E0A2400ED8E8A /* Frameworks */,
				21D68D5C2C5E0A2400ED8E8A /* Resources */,
			);
			buildRules = (
			);
			dependencies = (
			);
			name = CityWeatherCore;
			productName = CityWeatherCore;
			productReference = 21D68D5E2C5E0A2400ED8E8A /* CityWeatherCore.framework */;
			productType = "com.apple.product-type.framework";
		};
/* End PBXNativeTarget section */

/* Begin PBXProject section */
		21D68D552C5E0A2400ED8E8A /* Project object */ = {
			isa = PBXProject;
			attributes = {
				BuildIndependentTargetsInParallel = 1;
				LastSwiftUpdateCheck = 1540;
				LastUpgradeCheck = 1540;
				TargetAttributes = {
					2165DAA62C5E329500BA6B48 = {
						CreatedOnToolsVersion = 15.4;
					};
					21B08E7D2C60C446000A1055 = {
						CreatedOnToolsVersion = 15.4;
						LastSwiftMigration = 1540;
					};
					21D68D5D2C5E0A2400ED8E8A = {
						CreatedOnToolsVersion = 15.4;
						LastSwiftMigration = 1540;
					};
				};
			};
			buildConfigurationList = 21D68D582C5E0A2400ED8E8A /* Build configuration list for PBXProject "CityWeatherCore" */;
			compatibilityVersion = "Xcode 14.0";
			developmentRegion = en;
			hasScannedForEncodings = 0;
			knownRegions = (
				en,
				Base,
			);
			mainGroup = 21D68D542C5E0A2400ED8E8A;
			productRefGroup = 21D68D5F2C5E0A2400ED8E8A /* Products */;
			projectDirPath = "";
			projectRoot = "";
			targets = (
				21D68D5D2C5E0A2400ED8E8A /* CityWeatherCore */,
				2165DAA62C5E329500BA6B48 /* CityWeatherCoreTests */,
				21B08E7D2C60C446000A1055 /* CityWeatheriOS */,
			);
		};
/* End PBXProject section */

/* Begin PBXResourcesBuildPhase section */
		2165DAA52C5E329500BA6B48 /* Resources */ = {
			isa = PBXResourcesBuildPhase;
			buildActionMask = 2147483647;
			files = (
			);
			runOnlyForDeploymentPostprocessing = 0;
		};
		21B08E7C2C60C446000A1055 /* Resources */ = {
			isa = PBXResourcesBuildPhase;
			buildActionMask = 2147483647;
			files = (
			);
			runOnlyForDeploymentPostprocessing = 0;
		};
		21D68D5C2C5E0A2400ED8E8A /* Resources */ = {
			isa = PBXResourcesBuildPhase;
			buildActionMask = 2147483647;
			files = (
			);
			runOnlyForDeploymentPostprocessing = 0;
		};
/* End PBXResourcesBuildPhase section */

/* Begin PBXSourcesBuildPhase section */
		2165DAA32C5E329500BA6B48 /* Sources */ = {
			isa = PBXSourcesBuildPhase;
			buildActionMask = 2147483647;
			files = (
				2165DAB22C5E34E900BA6B48 /* LoadCitySearchUseCaseTests.swift in Sources */,
				2157CA082C649BF400E1A66B /* HTTPClientSpy.swift in Sources */,
				2183E9CE2C5E38F7000AEB81 /* XCTestCase+MemoryLeakTracking.swift in Sources */,
				2157CA062C649B8300E1A66B /* LoadCityDetailUseCaseTests.swift in Sources */,
				2183E9D02C5E3B82000AEB81 /* SharedTestHelpers.swift in Sources */,
				2183E9D22C5E635A000AEB81 /* URLSessionHTTPClientTests.swift in Sources */,
			);
			runOnlyForDeploymentPostprocessing = 0;
		};
		21B08E7A2C60C446000A1055 /* Sources */ = {
			isa = PBXSourcesBuildPhase;
			buildActionMask = 2147483647;
			files = (
				21B08E902C60D4B2000A1055 /* SearchCityViewController.swift in Sources */,
				213556BA2C61046300008A0B /* SearchCityTableViewCell.swift in Sources */,
				21B08E8C2C60C5A4000A1055 /* Coordinator.swift in Sources */,
				2103991B2C63459F00F52E95 /* CityDetailViewModel.swift in Sources */,
				213556BE2C61530E00008A0B /* DetailWeatherCityScreen.swift in Sources */,
				21B08E8E2C60C648000A1055 /* MainCoordinator.swift in Sources */,
				21B08E952C60DAC6000A1055 /* SearchCityViewModel.swift in Sources */,
			);
			runOnlyForDeploymentPostprocessing = 0;
		};
		21D68D5A2C5E0A2400ED8E8A /* Sources */ = {
			isa = PBXSourcesBuildPhase;
			buildActionMask = 2147483647;
			files = (
				210399172C633E6D00F52E95 /* CityDetailLoader.swift in Sources */,
				213556C02C6160CC00008A0B /* Extension+String.swift in Sources */,
				2157CA042C63D78A00E1A66B /* WeatherImageURLBuilder.swift in Sources */,
				2165DA942C5E187100BA6B48 /* CitySearchItem.swift in Sources */,
				210399202C63525400F52E95 /* CityDetailItemsMapper.swift in Sources */,
				2183E9D42C5F7CB5000AEB81 /* HTTPClientError.swift in Sources */,
				2165DA962C5E196B00BA6B48 /* CitySearchLoader.swift in Sources */,
				2183E9D72C5F9B75000AEB81 /* RequestBuilder.swift in Sources */,
				2103993E2C63804000F52E95 /* CityWeatherURLConfig.swift in Sources */,
				210399192C633EE900F52E95 /* CityDetailItem.swift in Sources */,
				2165DA992C5E1A8F00BA6B48 /* HTTPClient.swift in Sources */,
				210399222C6353D000F52E95 /* RemoteCityDetailLoader.swift in Sources */,
				2165DA9D2C5E1C6F00BA6B48 /* RemoteCitySearchLoader.swift in Sources */,
				2103991E2C634DAD00F52E95 /* RemoteCityDetailItem.swift in Sources */,
				2165DAA22C5E237300BA6B48 /* URLSessionClient.swift in Sources */,
				2165DA9F2C5E214300BA6B48 /* CitySearchItemsMapper.swift in Sources */,
				210399402C63A4D500F52E95 /* TemperatureUnits.swift in Sources */,
				2165DA9B2C5E1B8400BA6B48 /* RemoteCitySearchItem.swift in Sources */,
			);
			runOnlyForDeploymentPostprocessing = 0;
		};
/* End PBXSourcesBuildPhase section */

/* Begin PBXTargetDependency section */
		213556B72C60DEC000008A0B /* PBXTargetDependency */ = {
			isa = PBXTargetDependency;
			platformFilter = ios;
			target = 21D68D5D2C5E0A2400ED8E8A /* CityWeatherCore */;
			targetProxy = 213556B62C60DEC000008A0B /* PBXContainerItemProxy */;
		};
		2165DAAD2C5E329500BA6B48 /* PBXTargetDependency */ = {
			isa = PBXTargetDependency;
			target = 21D68D5D2C5E0A2400ED8E8A /* CityWeatherCore */;
			targetProxy = 2165DAAC2C5E329500BA6B48 /* PBXContainerItemProxy */;
		};
/* End PBXTargetDependency section */

/* Begin XCBuildConfiguration section */
		2165DAAF2C5E329500BA6B48 /* Debug */ = {
			isa = XCBuildConfiguration;
			buildSettings = {
				CODE_SIGN_STYLE = Automatic;
				CURRENT_PROJECT_VERSION = 1;
				DEVELOPMENT_TEAM = 7ZH7VGKXU6;
				GENERATE_INFOPLIST_FILE = YES;
				MARKETING_VERSION = 1.0;
				PRODUCT_BUNDLE_IDENTIFIER = georgi.teoharov.dev.tmg.cityweather.app.ios.CityWeatherCoreTests;
				PRODUCT_NAME = "$(TARGET_NAME)";
				SWIFT_EMIT_LOC_STRINGS = NO;
				SWIFT_VERSION = 5.0;
			};
			name = Debug;
		};
		2165DAB02C5E329500BA6B48 /* Release */ = {
			isa = XCBuildConfiguration;
			buildSettings = {
				CODE_SIGN_STYLE = Automatic;
				CURRENT_PROJECT_VERSION = 1;
				DEVELOPMENT_TEAM = 7ZH7VGKXU6;
				GENERATE_INFOPLIST_FILE = YES;
				MARKETING_VERSION = 1.0;
				PRODUCT_BUNDLE_IDENTIFIER = georgi.teoharov.dev.tmg.cityweather.app.ios.CityWeatherCoreTests;
				PRODUCT_NAME = "$(TARGET_NAME)";
				SWIFT_EMIT_LOC_STRINGS = NO;
				SWIFT_VERSION = 5.0;
			};
			name = Release;
		};
		21B08E822C60C446000A1055 /* Debug */ = {
			isa = XCBuildConfiguration;
			buildSettings = {
				BUILD_LIBRARY_FOR_DISTRIBUTION = YES;
				CLANG_ENABLE_MODULES = YES;
				CODE_SIGN_STYLE = Automatic;
				CURRENT_PROJECT_VERSION = 1;
				DEFINES_MODULE = YES;
				DEVELOPMENT_TEAM = 7ZH7VGKXU6;
				DYLIB_COMPATIBILITY_VERSION = 1;
				DYLIB_CURRENT_VERSION = 1;
				DYLIB_INSTALL_NAME_BASE = "@rpath";
				ENABLE_MODULE_VERIFIER = YES;
				GENERATE_INFOPLIST_FILE = YES;
				INFOPLIST_KEY_NSHumanReadableCopyright = "";
				INSTALL_PATH = "$(LOCAL_LIBRARY_DIR)/Frameworks";
				IPHONEOS_DEPLOYMENT_TARGET = 15.0;
				LD_RUNPATH_SEARCH_PATHS = (
					"$(inherited)",
					"@executable_path/Frameworks",
					"@loader_path/Frameworks",
				);
				MARKETING_VERSION = 1.0;
				MODULE_VERIFIER_SUPPORTED_LANGUAGES = "objective-c objective-c++";
				MODULE_VERIFIER_SUPPORTED_LANGUAGE_STANDARDS = "gnu17 gnu++20";
				PRODUCT_BUNDLE_IDENTIFIER = georgi.teoharov.dev.tmg.cityweather.app.ios.CityWeatheriOS;
				PRODUCT_NAME = "$(TARGET_NAME:c99extidentifier)";
				SDKROOT = iphoneos;
				SKIP_INSTALL = YES;
				SWIFT_EMIT_LOC_STRINGS = YES;
				SWIFT_INSTALL_OBJC_HEADER = NO;
				SWIFT_OPTIMIZATION_LEVEL = "-Onone";
				SWIFT_VERSION = 5.0;
				TARGETED_DEVICE_FAMILY = "1,2";
			};
			name = Debug;
		};
		21B08E832C60C446000A1055 /* Release */ = {
			isa = XCBuildConfiguration;
			buildSettings = {
				BUILD_LIBRARY_FOR_DISTRIBUTION = YES;
				CLANG_ENABLE_MODULES = YES;
				CODE_SIGN_STYLE = Automatic;
				CURRENT_PROJECT_VERSION = 1;
				DEFINES_MODULE = YES;
				DEVELOPMENT_TEAM = 7ZH7VGKXU6;
				DYLIB_COMPATIBILITY_VERSION = 1;
				DYLIB_CURRENT_VERSION = 1;
				DYLIB_INSTALL_NAME_BASE = "@rpath";
				ENABLE_MODULE_VERIFIER = YES;
				GENERATE_INFOPLIST_FILE = YES;
				INFOPLIST_KEY_NSHumanReadableCopyright = "";
				INSTALL_PATH = "$(LOCAL_LIBRARY_DIR)/Frameworks";
				IPHONEOS_DEPLOYMENT_TARGET = 15.0;
				LD_RUNPATH_SEARCH_PATHS = (
					"$(inherited)",
					"@executable_path/Frameworks",
					"@loader_path/Frameworks",
				);
				MARKETING_VERSION = 1.0;
				MODULE_VERIFIER_SUPPORTED_LANGUAGES = "objective-c objective-c++";
				MODULE_VERIFIER_SUPPORTED_LANGUAGE_STANDARDS = "gnu17 gnu++20";
				PRODUCT_BUNDLE_IDENTIFIER = georgi.teoharov.dev.tmg.cityweather.app.ios.CityWeatheriOS;
				PRODUCT_NAME = "$(TARGET_NAME:c99extidentifier)";
				SDKROOT = iphoneos;
				SKIP_INSTALL = YES;
				SWIFT_EMIT_LOC_STRINGS = YES;
				SWIFT_INSTALL_OBJC_HEADER = NO;
				SWIFT_VERSION = 5.0;
				TARGETED_DEVICE_FAMILY = "1,2";
				VALIDATE_PRODUCT = YES;
			};
			name = Release;
		};
		21D68D632C5E0A2400ED8E8A /* Debug */ = {
			isa = XCBuildConfiguration;
			buildSettings = {
				ALWAYS_SEARCH_USER_PATHS = NO;
				ASSETCATALOG_COMPILER_GENERATE_SWIFT_ASSET_SYMBOL_EXTENSIONS = YES;
				CLANG_ANALYZER_NONNULL = YES;
				CLANG_ANALYZER_NUMBER_OBJECT_CONVERSION = YES_AGGRESSIVE;
				CLANG_CXX_LANGUAGE_STANDARD = "gnu++20";
				CLANG_ENABLE_MODULES = YES;
				CLANG_ENABLE_OBJC_ARC = YES;
				CLANG_ENABLE_OBJC_WEAK = YES;
				CLANG_WARN_BLOCK_CAPTURE_AUTORELEASING = YES;
				CLANG_WARN_BOOL_CONVERSION = YES;
				CLANG_WARN_COMMA = YES;
				CLANG_WARN_CONSTANT_CONVERSION = YES;
				CLANG_WARN_DEPRECATED_OBJC_IMPLEMENTATIONS = YES;
				CLANG_WARN_DIRECT_OBJC_ISA_USAGE = YES_ERROR;
				CLANG_WARN_DOCUMENTATION_COMMENTS = YES;
				CLANG_WARN_EMPTY_BODY = YES;
				CLANG_WARN_ENUM_CONVERSION = YES;
				CLANG_WARN_INFINITE_RECURSION = YES;
				CLANG_WARN_INT_CONVERSION = YES;
				CLANG_WARN_NON_LITERAL_NULL_CONVERSION = YES;
				CLANG_WARN_OBJC_IMPLICIT_RETAIN_SELF = YES;
				CLANG_WARN_OBJC_LITERAL_CONVERSION = YES;
				CLANG_WARN_OBJC_ROOT_CLASS = YES_ERROR;
				CLANG_WARN_QUOTED_INCLUDE_IN_FRAMEWORK_HEADER = YES;
				CLANG_WARN_RANGE_LOOP_ANALYSIS = YES;
				CLANG_WARN_STRICT_PROTOTYPES = YES;
				CLANG_WARN_SUSPICIOUS_MOVE = YES;
				CLANG_WARN_UNGUARDED_AVAILABILITY = YES_AGGRESSIVE;
				CLANG_WARN_UNREACHABLE_CODE = YES;
				CLANG_WARN__DUPLICATE_METHOD_MATCH = YES;
				COPY_PHASE_STRIP = NO;
				CURRENT_PROJECT_VERSION = 1;
				DEBUG_INFORMATION_FORMAT = dwarf;
				ENABLE_STRICT_OBJC_MSGSEND = YES;
				ENABLE_TESTABILITY = YES;
				ENABLE_USER_SCRIPT_SANDBOXING = YES;
				GCC_C_LANGUAGE_STANDARD = gnu17;
				GCC_DYNAMIC_NO_PIC = NO;
				GCC_NO_COMMON_BLOCKS = YES;
				GCC_OPTIMIZATION_LEVEL = 0;
				GCC_PREPROCESSOR_DEFINITIONS = (
					"DEBUG=1",
					"$(inherited)",
				);
				GCC_WARN_64_TO_32_BIT_CONVERSION = YES;
				GCC_WARN_ABOUT_RETURN_TYPE = YES_ERROR;
				GCC_WARN_UNDECLARED_SELECTOR = YES;
				GCC_WARN_UNINITIALIZED_AUTOS = YES_AGGRESSIVE;
				GCC_WARN_UNUSED_FUNCTION = YES;
				GCC_WARN_UNUSED_VARIABLE = YES;
				LOCALIZATION_PREFERS_STRING_CATALOGS = YES;
				MACOSX_DEPLOYMENT_TARGET = 14.5;
				MTL_ENABLE_DEBUG_INFO = INCLUDE_SOURCE;
				MTL_FAST_MATH = YES;
				ONLY_ACTIVE_ARCH = YES;
				SDKROOT = macosx;
				SWIFT_ACTIVE_COMPILATION_CONDITIONS = "DEBUG $(inherited)";
				SWIFT_OPTIMIZATION_LEVEL = "-Onone";
				VERSIONING_SYSTEM = "apple-generic";
				VERSION_INFO_PREFIX = "";
			};
			name = Debug;
		};
		21D68D642C5E0A2400ED8E8A /* Release */ = {
			isa = XCBuildConfiguration;
			buildSettings = {
				ALWAYS_SEARCH_USER_PATHS = NO;
				ASSETCATALOG_COMPILER_GENERATE_SWIFT_ASSET_SYMBOL_EXTENSIONS = YES;
				CLANG_ANALYZER_NONNULL = YES;
				CLANG_ANALYZER_NUMBER_OBJECT_CONVERSION = YES_AGGRESSIVE;
				CLANG_CXX_LANGUAGE_STANDARD = "gnu++20";
				CLANG_ENABLE_MODULES = YES;
				CLANG_ENABLE_OBJC_ARC = YES;
				CLANG_ENABLE_OBJC_WEAK = YES;
				CLANG_WARN_BLOCK_CAPTURE_AUTORELEASING = YES;
				CLANG_WARN_BOOL_CONVERSION = YES;
				CLANG_WARN_COMMA = YES;
				CLANG_WARN_CONSTANT_CONVERSION = YES;
				CLANG_WARN_DEPRECATED_OBJC_IMPLEMENTATIONS = YES;
				CLANG_WARN_DIRECT_OBJC_ISA_USAGE = YES_ERROR;
				CLANG_WARN_DOCUMENTATION_COMMENTS = YES;
				CLANG_WARN_EMPTY_BODY = YES;
				CLANG_WARN_ENUM_CONVERSION = YES;
				CLANG_WARN_INFINITE_RECURSION = YES;
				CLANG_WARN_INT_CONVERSION = YES;
				CLANG_WARN_NON_LITERAL_NULL_CONVERSION = YES;
				CLANG_WARN_OBJC_IMPLICIT_RETAIN_SELF = YES;
				CLANG_WARN_OBJC_LITERAL_CONVERSION = YES;
				CLANG_WARN_OBJC_ROOT_CLASS = YES_ERROR;
				CLANG_WARN_QUOTED_INCLUDE_IN_FRAMEWORK_HEADER = YES;
				CLANG_WARN_RANGE_LOOP_ANALYSIS = YES;
				CLANG_WARN_STRICT_PROTOTYPES = YES;
				CLANG_WARN_SUSPICIOUS_MOVE = YES;
				CLANG_WARN_UNGUARDED_AVAILABILITY = YES_AGGRESSIVE;
				CLANG_WARN_UNREACHABLE_CODE = YES;
				CLANG_WARN__DUPLICATE_METHOD_MATCH = YES;
				COPY_PHASE_STRIP = NO;
				CURRENT_PROJECT_VERSION = 1;
				DEBUG_INFORMATION_FORMAT = "dwarf-with-dsym";
				ENABLE_NS_ASSERTIONS = NO;
				ENABLE_STRICT_OBJC_MSGSEND = YES;
				ENABLE_USER_SCRIPT_SANDBOXING = YES;
				GCC_C_LANGUAGE_STANDARD = gnu17;
				GCC_NO_COMMON_BLOCKS = YES;
				GCC_WARN_64_TO_32_BIT_CONVERSION = YES;
				GCC_WARN_ABOUT_RETURN_TYPE = YES_ERROR;
				GCC_WARN_UNDECLARED_SELECTOR = YES;
				GCC_WARN_UNINITIALIZED_AUTOS = YES_AGGRESSIVE;
				GCC_WARN_UNUSED_FUNCTION = YES;
				GCC_WARN_UNUSED_VARIABLE = YES;
				LOCALIZATION_PREFERS_STRING_CATALOGS = YES;
				MACOSX_DEPLOYMENT_TARGET = 14.5;
				MTL_ENABLE_DEBUG_INFO = NO;
				MTL_FAST_MATH = YES;
				SDKROOT = macosx;
				SWIFT_COMPILATION_MODE = wholemodule;
				VERSIONING_SYSTEM = "apple-generic";
				VERSION_INFO_PREFIX = "";
			};
			name = Release;
		};
		21D68D662C5E0A2400ED8E8A /* Debug */ = {
			isa = XCBuildConfiguration;
			buildSettings = {
				BUILD_LIBRARY_FOR_DISTRIBUTION = YES;
				CLANG_ENABLE_MODULES = YES;
				CODE_SIGN_STYLE = Automatic;
				COMBINE_HIDPI_IMAGES = YES;
				CURRENT_PROJECT_VERSION = 1;
				DEFINES_MODULE = YES;
				DEVELOPMENT_TEAM = 7ZH7VGKXU6;
				DYLIB_COMPATIBILITY_VERSION = 1;
				DYLIB_CURRENT_VERSION = 1;
				DYLIB_INSTALL_NAME_BASE = "@rpath";
				ENABLE_MODULE_VERIFIER = YES;
				GENERATE_INFOPLIST_FILE = YES;
				INFOPLIST_KEY_NSHumanReadableCopyright = "";
				INSTALL_PATH = "$(LOCAL_LIBRARY_DIR)/Frameworks";
				LD_RUNPATH_SEARCH_PATHS = (
					"$(inherited)",
					"@executable_path/../Frameworks",
					"@loader_path/Frameworks",
				);
				MARKETING_VERSION = 1.0;
				MODULE_VERIFIER_SUPPORTED_LANGUAGES = "objective-c objective-c++";
				MODULE_VERIFIER_SUPPORTED_LANGUAGE_STANDARDS = "gnu17 gnu++20";
				PRODUCT_BUNDLE_IDENTIFIER = georgi.teoharov.dev.tmg.cityweather.app.CityWeatherCore;
				PRODUCT_NAME = "$(TARGET_NAME:c99extidentifier)";
				SKIP_INSTALL = YES;
				SUPPORTED_PLATFORMS = "macosx iphonesimulator iphoneos";
				SWIFT_EMIT_LOC_STRINGS = YES;
				SWIFT_INSTALL_OBJC_HEADER = NO;
				SWIFT_OPTIMIZATION_LEVEL = "-Onone";
				SWIFT_VERSION = 5.0;
			};
			name = Debug;
		};
		21D68D672C5E0A2400ED8E8A /* Release */ = {
			isa = XCBuildConfiguration;
			buildSettings = {
				BUILD_LIBRARY_FOR_DISTRIBUTION = YES;
				CLANG_ENABLE_MODULES = YES;
				CODE_SIGN_STYLE = Automatic;
				COMBINE_HIDPI_IMAGES = YES;
				CURRENT_PROJECT_VERSION = 1;
				DEFINES_MODULE = YES;
				DEVELOPMENT_TEAM = 7ZH7VGKXU6;
				DYLIB_COMPATIBILITY_VERSION = 1;
				DYLIB_CURRENT_VERSION = 1;
				DYLIB_INSTALL_NAME_BASE = "@rpath";
				ENABLE_MODULE_VERIFIER = YES;
				GENERATE_INFOPLIST_FILE = YES;
				INFOPLIST_KEY_NSHumanReadableCopyright = "";
				INSTALL_PATH = "$(LOCAL_LIBRARY_DIR)/Frameworks";
				LD_RUNPATH_SEARCH_PATHS = (
					"$(inherited)",
					"@executable_path/../Frameworks",
					"@loader_path/Frameworks",
				);
				MARKETING_VERSION = 1.0;
				MODULE_VERIFIER_SUPPORTED_LANGUAGES = "objective-c objective-c++";
				MODULE_VERIFIER_SUPPORTED_LANGUAGE_STANDARDS = "gnu17 gnu++20";
				PRODUCT_BUNDLE_IDENTIFIER = georgi.teoharov.dev.tmg.cityweather.app.CityWeatherCore;
				PRODUCT_NAME = "$(TARGET_NAME:c99extidentifier)";
				SKIP_INSTALL = YES;
				SUPPORTED_PLATFORMS = "macosx iphonesimulator iphoneos";
				SWIFT_EMIT_LOC_STRINGS = YES;
				SWIFT_INSTALL_OBJC_HEADER = NO;
				SWIFT_VERSION = 5.0;
			};
			name = Release;
		};
/* End XCBuildConfiguration section */

/* Begin XCConfigurationList section */
		2165DAAE2C5E329500BA6B48 /* Build configuration list for PBXNativeTarget "CityWeatherCoreTests" */ = {
			isa = XCConfigurationList;
			buildConfigurations = (
				2165DAAF2C5E329500BA6B48 /* Debug */,
				2165DAB02C5E329500BA6B48 /* Release */,
			);
			defaultConfigurationIsVisible = 0;
			defaultConfigurationName = Release;
		};
		21B08E842C60C446000A1055 /* Build configuration list for PBXNativeTarget "CityWeatheriOS" */ = {
			isa = XCConfigurationList;
			buildConfigurations = (
				21B08E822C60C446000A1055 /* Debug */,
				21B08E832C60C446000A1055 /* Release */,
			);
			defaultConfigurationIsVisible = 0;
			defaultConfigurationName = Release;
		};
		21D68D582C5E0A2400ED8E8A /* Build configuration list for PBXProject "CityWeatherCore" */ = {
			isa = XCConfigurationList;
			buildConfigurations = (
				21D68D632C5E0A2400ED8E8A /* Debug */,
				21D68D642C5E0A2400ED8E8A /* Release */,
			);
			defaultConfigurationIsVisible = 0;
			defaultConfigurationName = Release;
		};
		21D68D652C5E0A2400ED8E8A /* Build configuration list for PBXNativeTarget "CityWeatherCore" */ = {
			isa = XCConfigurationList;
			buildConfigurations = (
				21D68D662C5E0A2400ED8E8A /* Debug */,
				21D68D672C5E0A2400ED8E8A /* Release */,
			);
			defaultConfigurationIsVisible = 0;
			defaultConfigurationName = Release;
		};
/* End XCConfigurationList section */
	};
	rootObject = 21D68D552C5E0A2400ED8E8A /* Project object */;
}
